[["version","2"]]
["","git-latest",["https://github.com/dagger/go-sdk"],"refs/heads/main"]
["","git-sha",["https://github.com/chrisjpalmer/shoppinglist","feature/workspaces-test"],"61d6da1e7c7146fdb0c112e394e7a0e96f8a8241"]
["","git-sha",["https://github.com/dagger/go-sdk","refs/heads/main"],"ec2d1ff3ea14032cc0ae5de842b81cea3ce8f8c1"]
["","oci-sha",["docker.io/alpine/sqlite:3.51.2"],"sha256:76d06e00e4085857bcdfecf1cdec6c06891108f7f6d10286e4fc9ec2f0086212"]
["","oci-sha",["docker.io/arigaio/atlas:1.1.6-extended-alpine"],"sha256:aac91a76d602802e16146f7db8e5a001bdf064e37da1c1524e4df9efec489de0"]
["","oci-sha",["docker.io/bufbuild/buf:1.65.0"],"sha256:8237e37d15d73e9d3a536332d352c6a4fae2d37ed041cf17a5066ffa4403ea40"]
["","oci-sha",["docker.io/library/alpine:latest"],"sha256:28bd5fe8b56d1bd048e5babf5b10710ebe0bae67db86916198a6eec434943f8b"]
["","oci-sha",["docker.io/library/golang:1.25.5"],"sha256:8bbd14091f2c61916134fa6aeb8f76b18693fcb29a39ec6d8be9242c0a7e9260"]
["","oci-sha",["docker.io/library/node:22.18.0"],"sha256:3266bc9e8bee1acc8a77386eefaf574987d2729b8c5ec35b0dbd6ddbc40b0ce2"]
["","oci-sha",["docker.io/sqlc/sqlc:1.29.0"],"sha256:0de3f476fb9c11192b4dd5413c531512e9fc5b3ec3cce075b7d7b4709a0c3e58"]